
Microsoft Visual Studio Solution File, Format Version 12.00
# Visual Studio 2013
VisualStudioVersion = 12.0.31101.0
MinimumVisualStudioVersion = 10.0.40219.1
Project("{FAE04EC0-301F-11D3-BF4B-00C04F79EFBC}") = "LibSensu.NET", "LibSensu.NET\LibSensu.NET.csproj", "{C52FE181-7DD8-488D-95C4-52ED56CF30EB}"
EndProject
Project("{FAE04EC0-301F-11D3-BF4B-00C04F79EFBC}") = "LibSensu.NET.Tests", "LibSensu.NET.Tests\LibSensu.NET.Tests.csproj", "{8CD12465-1DFB-425C-8CAE-82C8B0526C63}"
EndProject
Global
	GlobalSection(SolutionConfigurationPlatforms) = preSolution
		Debug|Any CPU = Debug|Any CPU
		Release|Any CPU = Release|Any CPU
	EndGlobalSection
	GlobalSection(ProjectConfigurationPlatforms) = postSolution
		{C52FE181-7DD8-488D-95C4-52ED56CF30EB}.Debug|Any CPU.ActiveCfg = Debug|Any CPU
		{C52FE181-7DD8-488D-95C4-52ED56CF30EB}.Debug|Any CPU.Build.0 = Debug|Any CPU
		{C52FE181-7DD8-488D-95C4-52ED56CF30EB}.Release|Any CPU.ActiveCfg = Release|Any CPU
		{C52FE181-7DD8-488D-95C4-52ED56CF30EB}.Release|Any CPU.Build.0 = Release|Any CPU
		{8CD12465-1DFB-425C-8CAE-82C8B0526C63}.Debug|Any CPU.ActiveCfg = Debug|Any CPU
		{8CD12465-1DFB-425C-8CAE-82C8B0526C63}.Debug|Any CPU.Build.0 = Debug|Any CPU
		{8CD12465-1DFB-425C-8CAE-82C8B0526C63}.Release|Any CPU.ActiveCfg = Release|Any CPU
		{8CD12465-1DFB-425C-8CAE-82C8B0526C63}.Release|Any CPU.Build.0 = Release|Any CPU
	EndGlobalSection
	GlobalSection(SolutionProperties) = preSolution
		HideSolutionNode = FALSE
	EndGlobalSection
EndGlobal
